PODS:
  - Flutter (1.0.0)
  - moyasar (0.0.1):
    - Flutter
  - pay_ios (0.0.1):
    - Flutter
  - webview_flutter_wkwebview (0.0.1):
    - Flutter

DEPENDENCIES:
  - Flutter (from `Flutter`)
  - moyasar (from `.symlinks/plugins/moyasar/ios`)
  - pay_ios (from `.symlinks/plugins/pay_ios/ios`)
  - webview_flutter_wkwebview (from `.symlinks/plugins/webview_flutter_wkwebview/ios`)

EXTERNAL SOURCES:
  Flutter:
    :path: Flutter
  moyasar:
    :path: ".symlinks/plugins/moyasar/ios"
  pay_ios:
    :path: ".symlinks/plugins/pay_ios/ios"
  webview_flutter_wkwebview:
    :path: ".symlinks/plugins/webview_flutter_wkwebview/ios"

SPEC CHECKSUMS:
  Flutter: e0871f40cf51350855a761d2e70bf5af5b9b5de7
  moyasar: 30b2c9a51bdecbe895dda349ffb2f6a4df6a27ec
  pay_ios: 8c7beb9c61d885f3f51b61f75f8793023fc8843a
  webview_flutter_wkwebview: be0f0d33777f1bfd0c9fdcb594786704dbf65f36

PODFILE CHECKSUM: c4c93c5f6502fe2754f48404d3594bf779584011

COCOAPODS: 1.15.2
