PODS:
  - Flutter (1.0.0)
  - moyasar (0.0.1):
    - Flutter
  - pay_ios (0.0.1):
    - Flutter
  - webview_flutter_wkwebview (0.0.1):
    - Flutter
    - FlutterMacOS

DEPENDENCIES:
  - Flutter (from `Flutter`)
  - moyasar (from `.symlinks/plugins/moyasar/ios`)
  - pay_ios (from `.symlinks/plugins/pay_ios/ios`)
  - webview_flutter_wkwebview (from `.symlinks/plugins/webview_flutter_wkwebview/darwin`)

EXTERNAL SOURCES:
  Flutter:
    :path: Flutter
  moyasar:
    :path: ".symlinks/plugins/moyasar/ios"
  pay_ios:
    :path: ".symlinks/plugins/pay_ios/ios"
  webview_flutter_wkwebview:
    :path: ".symlinks/plugins/webview_flutter_wkwebview/darwin"

SPEC CHECKSUMS:
  Flutter: e0871f40cf51350855a761d2e70bf5af5b9b5de7
  moyasar: 1fa35fd99cec4dd2a0913539ba902218e1e3deba
  pay_ios: 2c48d76615ded0cfaff66185669501b8b1dfc55e
  webview_flutter_wkwebview: 1821ceac936eba6f7984d89a9f3bcb4dea99ebb2

PODFILE CHECKSUM: ce13d36744da294d67f8e460dbb7aed7c09bd7f4

COCOAPODS: 1.16.2
